<Solution>
  <Folder Name="/Solution Items/">
    <File Path="Constitution.md" />
  </Folder>
  <Project Path="GLTranslate.Abstractions/GLTranslate.Abstractions.csproj" Id="8ef45718-5278-42d6-aafa-b2f19bff1170" />
  <Project Path="GLTranslate.Domain/GLTranslate.Domain.csproj" Id="908253e2-7d5d-4e92-bd07-3446e17da2a0" />
  <Project Path="GLTranslate.Domain.Tests/GLTranslate.Domain.Tests.csproj" />
  <Project Path="GLTranslate.Providers.Common/GLTranslate.Providers.Common.csproj" />
  <Project Path="GLTranslate.Providers.Baidu/GLTranslate.Providers.Baidu.csproj" />
  <Project Path="GLTranslate.Providers.Baidu.Tests/GLTranslate.Providers.Baidu.Tests.csproj" />
  <Project Path="GLTranslate.Providers.GoogleCloud/GLTranslate.Providers.GoogleCloud.csproj" />
  <Project Path="GLTranslate.Providers.GoogleCloud.Tests/GLTranslate.Providers.GoogleCloud.Tests.csproj" />
  <Project Path="GLTranslate.Providers.Bing/GLTranslate.Providers.Bing.csproj" />
  <Project Path="GLTranslate.Providers.Bing.Tests/GLTranslate.Providers.Bing.Tests.csproj" />
  <Project Path="GLTranslate.Providers.Google/GLTranslate.Providers.Google.csproj" />
  <Project Path="GLTranslate.Providers.Microsoft/GLTranslate.Providers.Microsoft.csproj" />
  <Project Path="GLTranslate.Providers.Microsoft.Tests/GLTranslate.Providers.Microsoft.Tests.csproj" />
  <Project Path="GLTranslate.Providers.Yandex/GLTranslate.Providers.Yandex.csproj" />
  <Project Path="GLTranslate.Providers.YandexCloud/GLTranslate.Providers.YandexCloud.csproj" />
  <Project Path="GLTranslate.Providers.YandexCloud.Tests/GLTranslate.Providers.YandexCloud.Tests.csproj" />
  <Project Path="GLTranslate.Providers.Yandex.Tests/GLTranslate.Providers.Yandex.Tests.csproj" />
  <Project Path="GLTranslate.Providers.Google.Tests/GLTranslate.Providers.Google.Tests.csproj" />
  <Project Path="tools/GLTranslate.Domain.Generator/GLTranslate.Domain.Generator.csproj" />
  <Project Path="tools/GLTranslate.Providers.Google.Generator/GLTranslate.Providers.Google.Generator.csproj" />
  <Project Path="tools/GLTranslate.Providers.Microsoft.Generator/GLTranslate.Providers.Microsoft.Generator.csproj" />
</Solution>
